
Microsoft Visual Studio Solution File, Format Version 12.00
# Visual Studio 15
VisualStudioVersion = 15.0.27130.2036
MinimumVisualStudioVersion = 10.0.40219.1
Project("{FAE04EC0-301F-11D3-BF4B-00C04F79EFBC}") = "sqlserver_test", "sqlserver_test\sqlserver_test.csproj", "{0DF25B14-32E5-457A-8925-468D3F5AB9AA}"
EndProject
Global
	GlobalSection(SolutionConfigurationPlatforms) = preSolution
		Debug|Any CPU = Debug|Any CPU
		Release|Any CPU = Release|Any CPU
	EndGlobalSection
	GlobalSection(ProjectConfigurationPlatforms) = postSolution
		{0DF25B14-32E5-457A-8925-468D3F5AB9AA}.Debug|Any CPU.ActiveCfg = Debug|Any CPU
		{0DF25B14-32E5-457A-8925-468D3F5AB9AA}.Debug|Any CPU.Build.0 = Debug|Any CPU
		{0DF25B14-32E5-457A-8925-468D3F5AB9AA}.Release|Any CPU.ActiveCfg = Release|Any CPU
		{0DF25B14-32E5-457A-8925-468D3F5AB9AA}.Release|Any CPU.Build.0 = Release|Any CPU
	EndGlobalSection
	GlobalSection(SolutionProperties) = preSolution
		HideSolutionNode = FALSE
	EndGlobalSection
	GlobalSection(ExtensibilityGlobals) = postSolution
		SolutionGuid = {264E4CFD-0754-412D-ACD9-AE5A3B4B38F1}
	EndGlobalSection
EndGlobal
